// !$*UTF8*$!
{
	archiveVersion = 1;
	classes = {
	};
	objectVersion = 46;
	objects = {

/* Begin PBXBuildFile section */
		2F6C06571CD865D200096EE7 /* Minecraft.ttf in Resources */ = {isa = PBXBuildFile; fileRef = 2F6C06561CD865D200096EE7 /* Minecraft.ttf */; };
		2F6C06591CD9715500096EE7 /* btn.wav in Resources */ = {isa = PBXBuildFile; fileRef = 2F6C06581CD9715500096EE7 /* btn.wav */; };
		2F85AF311CD3D6880061581E /* AppDelegate.swift in Sources */ = {isa = PBXBuildFile; fileRef = 2F85AF301CD3D6880061581E /* AppDelegate.swift */; };
		2F85AF331CD3D6880061581E /* ViewController.swift in Sources */ = {isa = PBXBuildFile; fileRef = 2F85AF321CD3D6880061581E /* ViewController.swift */; };
		2F85AF361CD3D6880061581E /* Main.storyboard in Resources */ = {isa = PBXBuildFile; fileRef = 2F85AF341CD3D6880061581E /* Main.storyboard */; };
		2F85AF381CD3D6880061581E /* Assets.xcassets in Resources */ = {isa = PBXBuildFile; fileRef = 2F85AF371CD3D6880061581E /* Assets.xcassets */; };
		2F85AF3B1CD3D6880061581E /* LaunchScreen.storyboard in Resources */ = {isa = PBXBuildFile; fileRef = 2F85AF391CD3D6880061581E /* LaunchScreen.storyboard */; };
/* End PBXBuildFile section */

/* Begin PBXFileReference section */
		2F6C06561CD865D200096EE7 /* Minecraft.ttf */ = {isa = PBXFileReference; lastKnownFileType = file; path = Minecraft.ttf; sourceTree = "<group>"; };
		2F6C06581CD9715500096EE7 /* btn.wav */ = {isa = PBXFileReference; lastKnownFileType = audio.wav; path = btn.wav; sourceTree = "<group>"; };
		2F85AF2D1CD3D6880061581E /* retro-calculator.app */ = {isa = PBXFileReference; explicitFileType = wrapper.application; includeInIndex = 0; path = "retro-calculator.app"; sourceTree = BUILT_PRODUCTS_DIR; };
		2F85AF301CD3D6880061581E /* AppDelegate.swift */ = {isa = PBXFileReference; lastKnownFileType = sourcecode.swift; path = AppDelegate.swift; sourceTree = "<group>"; };
		2F85AF321CD3D6880061581E /* ViewController.swift */ = {isa = PBXFileReference; lastKnownFileType = sourcecode.swift; path = ViewController.swift; sourceTree = "<group>"; };
		2F85AF351CD3D6880061581E /* Base */ = {isa = PBXFileReference; lastKnownFileType = file.storyboard; name = Base; path = Base.lproj/Main.storyboard; sourceTree = "<group>"; };
		2F85AF371CD3D6880061581E /* Assets.xcassets */ = {isa = PBXFileReference; lastKnownFileType = folder.assetcatalog; path = Assets.xcassets; sourceTree = "<group>"; };
		2F85AF3A1CD3D6880061581E /* Base */ = {isa = PBXFileReference; lastKnownFileType = file.storyboard; name = Base; path = Base.lproj/LaunchScreen.storyboard; sourceTree = "<group>"; };
		2F85AF3C1CD3D6880061581E /* Info.plist */ = {isa = PBXFileReference; lastKnownFileType = text.plist.xml; path = Info.plist; sourceTree = "<group>"; };
/* End PBXFileReference section */

/* Begin PBXFrameworksBuildPhase section */
		2F85AF2A1CD3D6880061581E /* Frameworks */ = {
			isa = PBXFrameworksBuildPhase;
			buildActionMask = 2147483647;
			files = (
			);
			runOnlyForDeploymentPostprocessing = 0;
		};
/* End PBXFrameworksBuildPhase section */

/* Begin PBXGroup section */
		2F85AF241CD3D6880061581E = {
			isa = PBXGroup;
			children = (
				2F85AF2F1CD3D6880061581E /* retro-calculator */,
				2F85AF2E1CD3D6880061581E /* Products */,
			);
			sourceTree = "<group>";
		};
		2F85AF2E1CD3D6880061581E /* Products */ = {
			isa = PBXGroup;
			children = (
				2F85AF2D1CD3D6880061581E /* retro-calculator.app */,
			);
			name = Products;
			sourceTree = "<group>";
		};
		2F85AF2F1CD3D6880061581E /* retro-calculator */ = {
			isa = PBXGroup;
			children = (
				2F6C06581CD9715500096EE7 /* btn.wav */,
				2F6C06561CD865D200096EE7 /* Minecraft.ttf */,
				2F85AF301CD3D6880061581E /* AppDelegate.swift */,
				2F85AF321CD3D6880061581E /* ViewController.swift */,
				2F85AF341CD3D6880061581E /* Main.storyboard */,
				2F85AF371CD3D6880061581E /* Assets.xcassets */,
				2F85AF391CD3D6880061581E /* LaunchScreen.storyboard */,
				2F85AF3C1CD3D6880061581E /* Info.plist */,
			);
			path = "retro-calculator";
			sourceTree = "<group>";
		};
/* End PBXGroup section */

/* Begin PBXNativeTarget section */
		2F85AF2C1CD3D6880061581E /* retro-calculator */ = {
			isa = PBXNativeTarget;
			buildConfigurationList = 2F85AF3F1CD3D6880061581E /* Build configuration list for PBXNativeTarget "retro-calculator" */;
			buildPhases = (
				2F85AF291CD3D6880061581E /* Sources */,
				2F85AF2A1CD3D6880061581E /* Frameworks */,
				2F85AF2B1CD3D6880061581E /* Resources */,
			);
			buildRules = (
			);
			dependencies = (
			);
			name = "retro-calculator";
			productName = "retro-calculator";
			productReference = 2F85AF2D1CD3D6880061581E /* retro-calculator.app */;
			productType = "com.apple.product-type.application";
		};
/* End PBXNativeTarget section */

/* Begin PBXProject section */
		2F85AF251CD3D6880061581E /* Project object */ = {
			isa = PBXProject;
			attributes = {
				LastSwiftUpdateCheck = 0730;
				LastUpgradeCheck = 0730;
				ORGANIZATIONNAME = Abe;
				TargetAttributes = {
					2F85AF2C1CD3D6880061581E = {
						CreatedOnToolsVersion = 7.3;
					};
				};
			};
			buildConfigurationList = 2F85AF281CD3D6880061581E /* Build configuration list for PBXProject "retro-calculator" */;
			compatibilityVersion = "Xcode 3.2";
			developmentRegion = English;
			hasScannedForEncodings = 0;
			knownRegions = (
				en,
				Base,
			);
			mainGroup = 2F85AF241CD3D6880061581E;
			productRefGroup = 2F85AF2E1CD3D6880061581E /* Products */;
			projectDirPath = "";
			projectRoot = "";
			targets = (
				2F85AF2C1CD3D6880061581E /* retro-calculator */,
			);
		};
/* End PBXProject section */

/* Begin PBXResourcesBuildPhase section */
		2F85AF2B1CD3D6880061581E /* Resources */ = {
			isa = PBXResourcesBuildPhase;
			buildActionMask = 2147483647;
			files = (
				2F6C06591CD9715500096EE7 /* btn.wav in Resources */,
				2F85AF3B1CD3D6880061581E /* LaunchScreen.storyboard in Resources */,
				2F85AF381CD3D6880061581E /* Assets.xcassets in Resources */,
				2F6C06571CD865D200096EE7 /* Minecraft.ttf in Resources */,
				2F85AF361CD3D6880061581E /* Main.storyboard in Resources */,
			);
			runOnlyForDeploymentPostprocessing = 0;
		};
/* End PBXResourcesBuildPhase section */

/* Begin PBXSourcesBuildPhase section */
		2F85AF291CD3D6880061581E /* Sources */ = {
			isa = PBXSourcesBuildPhase;
			buildActionMask = 2147483647;
			files = (
				2F85AF331CD3D6880061581E /* ViewController.swift in Sources */,
				2F85AF311CD3D6880061581E /* AppDelegate.swift in Sources */,
			);
			runOnlyForDeploymentPostprocessing = 0;
		};
/* End PBXSourcesBuildPhase section */

/* Begin PBXVariantGroup section */
		2F85AF341CD3D6880061581E /* Main.storyboard */ = {
			isa = PBXVariantGroup;
			children = (
				2F85AF351CD3D6880061581E /* Base */,
			);
			name = Main.storyboard;
			sourceTree = "<group>";
		};
		2F85AF391CD3D6880061581E /* LaunchScreen.storyboard */ = {
			isa = PBXVariantGroup;
			children = (
				2F85AF3A1CD3D6880061581E /* Base */,
			);
			name = LaunchScreen.storyboard;
			sourceTree = "<group>";
		};
/* End PBXVariantGroup section */

/* Begin XCBuildConfiguration section */
		2F85AF3D1CD3D6880061581E /* Debug */ = {
			isa = XCBuildConfiguration;
			buildSettings = {
				ALWAYS_SEARCH_USER_PATHS = NO;
				CLANG_ANALYZER_NONNULL = YES;
				CLANG_CXX_LANGUAGE_STANDARD = "gnu++0x";
				CLANG_CXX_LIBRARY = "libc++";
				CLANG_ENABLE_MODULES = YES;
				CLANG_ENABLE_OBJC_ARC = YES;
				CLANG_WARN_BOOL_CONVERSION = YES;
				CLANG_WARN_CONSTANT_CONVERSION = YES;
				CLANG_WARN_DIRECT_OBJC_ISA_USAGE = YES_ERROR;
				CLANG_WARN_EMPTY_BODY = YES;
				CLANG_WARN_ENUM_CONVERSION = YES;
				CLANG_WARN_INT_CONVERSION = YES;
				CLANG_WARN_OBJC_ROOT_CLASS = YES_ERROR;
				CLANG_WARN_UNREACHABLE_CODE = YES;
				CLANG_WARN__DUPLICATE_METHOD_MATCH = YES;
				"CODE_SIGN_IDENTITY[sdk=iphoneos*]" = "iPhone Developer";
				COPY_PHASE_STRIP = NO;
				DEBUG_INFORMATION_FORMAT = dwarf;
				ENABLE_STRICT_OBJC_MSGSEND = YES;
				ENABLE_TESTABILITY = YES;
				GCC_C_LANGUAGE_STANDARD = gnu99;
				GCC_DYNAMIC_NO_PIC = NO;
				GCC_NO_COMMON_BLOCKS = YES;
				GCC_OPTIMIZATION_LEVEL = 0;
				GCC_PREPROCESSOR_DEFINITIONS = (
					"DEBUG=1",
					"$(inherited)",
				);
				GCC_WARN_64_TO_32_BIT_CONVERSION = YES;
				GCC_WARN_ABOUT_RETURN_TYPE = YES_ERROR;
				GCC_WARN_UNDECLARED_SELECTOR = YES;
				GCC_WARN_UNINITIALIZED_AUTOS = YES_AGGRESSIVE;
				GCC_WARN_UNUSED_FUNCTION = YES;
				GCC_WARN_UNUSED_VARIABLE = YES;
				IPHONEOS_DEPLOYMENT_TARGET = 9.3;
				MTL_ENABLE_DEBUG_INFO = YES;
				ONLY_ACTIVE_ARCH = YES;
				SDKROOT = iphoneos;
				SWIFT_OPTIMIZATION_LEVEL = "-Onone";
			};
			name = Debug;
		};
		2F85AF3E1CD3D6880061581E /* Release */ = {
			isa = XCBuildConfiguration;
			buildSettings = {
				ALWAYS_SEARCH_USER_PATHS = NO;
				CLANG_ANALYZER_NONNULL = YES;
				CLANG_CXX_LANGUAGE_STANDARD = "gnu++0x";
				CLANG_CXX_LIBRARY = "libc++";
				CLANG_ENABLE_MODULES = YES;
				CLANG_ENABLE_OBJC_ARC = YES;
				CLANG_WARN_BOOL_CONVERSION = YES;
				CLANG_WARN_CONSTANT_CONVERSION = YES;
				CLANG_WARN_DIRECT_OBJC_ISA_USAGE = YES_ERROR;
				CLANG_WARN_EMPTY_BODY = YES;
				CLANG_WARN_ENUM_CONVERSION = YES;
				CLANG_WARN_INT_CONVERSION = YES;
				CLANG_WARN_OBJC_ROOT_CLASS = YES_ERROR;
				CLANG_WARN_UNREACHABLE_CODE = YES;
				CLANG_WARN__DUPLICATE_METHOD_MATCH = YES;
				"CODE_SIGN_IDENTITY[sdk=iphoneos*]" = "iPhone Developer";
				COPY_PHASE_STRIP = NO;
				DEBUG_INFORMATION_FORMAT = "dwarf-with-dsym";
				ENABLE_NS_ASSERTIONS = NO;
				ENABLE_STRICT_OBJC_MSGSEND = YES;
				GCC_C_LANGUAGE_STANDARD = gnu99;
				GCC_NO_COMMON_BLOCKS = YES;
				GCC_WARN_64_TO_32_BIT_CONVERSION = YES;
				GCC_WARN_ABOUT_RETURN_TYPE = YES_ERROR;
				GCC_WARN_UNDECLARED_SELECTOR = YES;
				GCC_WARN_UNINITIALIZED_AUTOS = YES_AGGRESSIVE;
				GCC_WARN_UNUSED_FUNCTION = YES;
				GCC_WARN_UNUSED_VARIABLE = YES;
				IPHONEOS_DEPLOYMENT_TARGET = 9.3;
				MTL_ENABLE_DEBUG_INFO = NO;
				SDKROOT = iphoneos;
				VALIDATE_PRODUCT = YES;
			};
			name = Release;
		};
		2F85AF401CD3D6880061581E /* Debug */ = {
			isa = XCBuildConfiguration;
			buildSettings = {
				ASSETCATALOG_COMPILER_APPICON_NAME = AppIcon;
				INFOPLIST_FILE = "retro-calculator/Info.plist";
				LD_RUNPATH_SEARCH_PATHS = "$(inherited) @executable_path/Frameworks";
				PRODUCT_BUNDLE_IDENTIFIER = "com.devslopes.retro-calculator";
				PRODUCT_NAME = "$(TARGET_NAME)";
			};
			name = Debug;
		};
		2F85AF411CD3D6880061581E /* Release */ = {
			isa = XCBuildConfiguration;
			buildSettings = {
				ASSETCATALOG_COMPILER_APPICON_NAME = AppIcon;
				INFOPLIST_FILE = "retro-calculator/Info.plist";
				LD_RUNPATH_SEARCH_PATHS = "$(inherited) @executable_path/Frameworks";
				PRODUCT_BUNDLE_IDENTIFIER = "com.devslopes.retro-calculator";
				PRODUCT_NAME = "$(TARGET_NAME)";
			};
			name = Release;
		};
/* End XCBuildConfiguration section */

/* Begin XCConfigurationList section */
		2F85AF281CD3D6880061581E /* Build configuration list for PBXProject "retro-calculator" */ = {
			isa = XCConfigurationList;
			buildConfigurations = (
				2F85AF3D1CD3D6880061581E /* Debug */,
				2F85AF3E1CD3D6880061581E /* Release */,
			);
			defaultConfigurationIsVisible = 0;
			defaultConfigurationName = Release;
		};
		2F85AF3F1CD3D6880061581E /* Build configuration list for PBXNativeTarget "retro-calculator" */ = {
			isa = XCConfigurationList;
			buildConfigurations = (
				2F85AF401CD3D6880061581E /* Debug */,
				2F85AF411CD3D6880061581E /* Release */,
			);
			defaultConfigurationIsVisible = 0;
			defaultConfigurationName = Release;
		};
/* End XCConfigurationList section */
	};
	rootObject = 2F85AF251CD3D6880061581E /* Project object */;
}
