// !$*UTF8*$!
{
	archiveVersion = 1;
	classes = {
	};
	objectVersion = 46;
	objects = {

/* Begin PBXBuildFile section */
		2F4DCB881EC9244A00C1C971 /* AppDelegate.swift in Sources */ = {isa = PBXBuildFile; fileRef = 2F4DCB871EC9244A00C1C971 /* AppDelegate.swift */; };
		2F4DCB8A1EC9244A00C1C971 /* ViewController.swift in Sources */ = {isa = PBXBuildFile; fileRef = 2F4DCB891EC9244A00C1C971 /* ViewController.swift */; };
		2F4DCB8D1EC9244A00C1C971 /* Main.storyboard in Resources */ = {isa = PBXBuildFile; fileRef = 2F4DCB8B1EC9244A00C1C971 /* Main.storyboard */; };
		2F4DCB901EC9244A00C1C971 /* LaLaAngles.xcdatamodeld in Sources */ = {isa = PBXBuildFile; fileRef = 2F4DCB8E1EC9244A00C1C971 /* LaLaAngles.xcdatamodeld */; };
		2F4DCB921EC9244A00C1C971 /* Assets.xcassets in Resources */ = {isa = PBXBuildFile; fileRef = 2F4DCB911EC9244A00C1C971 /* Assets.xcassets */; };
		2F4DCB951EC9244A00C1C971 /* LaunchScreen.storyboard in Resources */ = {isa = PBXBuildFile; fileRef = 2F4DCB931EC9244A00C1C971 /* LaunchScreen.storyboard */; };
/* End PBXBuildFile section */

/* Begin PBXFileReference section */
		2F4DCB841EC9244A00C1C971 /* LaLaAngles.app */ = {isa = PBXFileReference; explicitFileType = wrapper.application; includeInIndex = 0; path = LaLaAngles.app; sourceTree = BUILT_PRODUCTS_DIR; };
		2F4DCB871EC9244A00C1C971 /* AppDelegate.swift */ = {isa = PBXFileReference; lastKnownFileType = sourcecode.swift; path = AppDelegate.swift; sourceTree = "<group>"; };
		2F4DCB891EC9244A00C1C971 /* ViewController.swift */ = {isa = PBXFileReference; lastKnownFileType = sourcecode.swift; path = ViewController.swift; sourceTree = "<group>"; };
		2F4DCB8C1EC9244A00C1C971 /* Base */ = {isa = PBXFileReference; lastKnownFileType = file.storyboard; name = Base; path = Base.lproj/Main.storyboard; sourceTree = "<group>"; };
		2F4DCB8F1EC9244A00C1C971 /* LaLaAngles.xcdatamodel */ = {isa = PBXFileReference; lastKnownFileType = wrapper.xcdatamodel; path = LaLaAngles.xcdatamodel; sourceTree = "<group>"; };
		2F4DCB911EC9244A00C1C971 /* Assets.xcassets */ = {isa = PBXFileReference; lastKnownFileType = folder.assetcatalog; path = Assets.xcassets; sourceTree = "<group>"; };
		2F4DCB941EC9244A00C1C971 /* Base */ = {isa = PBXFileReference; lastKnownFileType = file.storyboard; name = Base; path = Base.lproj/LaunchScreen.storyboard; sourceTree = "<group>"; };
		2F4DCB961EC9244A00C1C971 /* Info.plist */ = {isa = PBXFileReference; lastKnownFileType = text.plist.xml; path = Info.plist; sourceTree = "<group>"; };
/* End PBXFileReference section */

/* Begin PBXFrameworksBuildPhase section */
		2F4DCB811EC9244A00C1C971 /* Frameworks */ = {
			isa = PBXFrameworksBuildPhase;
			buildActionMask = 2147483647;
			files = (
			);
			runOnlyForDeploymentPostprocessing = 0;
		};
/* End PBXFrameworksBuildPhase section */

/* Begin PBXGroup section */
		2F4DCB7B1EC9244A00C1C971 = {
			isa = PBXGroup;
			children = (
				2F4DCB861EC9244A00C1C971 /* LaLaAngles */,
				2F4DCB851EC9244A00C1C971 /* Products */,
			);
			sourceTree = "<group>";
		};
		2F4DCB851EC9244A00C1C971 /* Products */ = {
			isa = PBXGroup;
			children = (
				2F4DCB841EC9244A00C1C971 /* LaLaAngles.app */,
			);
			name = Products;
			sourceTree = "<group>";
		};
		2F4DCB861EC9244A00C1C971 /* LaLaAngles */ = {
			isa = PBXGroup;
			children = (
				2F4DCB871EC9244A00C1C971 /* AppDelegate.swift */,
				2F4DCB891EC9244A00C1C971 /* ViewController.swift */,
				2F4DCB8B1EC9244A00C1C971 /* Main.storyboard */,
				2F4DCB911EC9244A00C1C971 /* Assets.xcassets */,
				2F4DCB931EC9244A00C1C971 /* LaunchScreen.storyboard */,
				2F4DCB961EC9244A00C1C971 /* Info.plist */,
				2F4DCB8E1EC9244A00C1C971 /* LaLaAngles.xcdatamodeld */,
			);
			path = LaLaAngles;
			sourceTree = "<group>";
		};
/* End PBXGroup section */

/* Begin PBXNativeTarget section */
		2F4DCB831EC9244A00C1C971 /* LaLaAngles */ = {
			isa = PBXNativeTarget;
			buildConfigurationList = 2F4DCB991EC9244A00C1C971 /* Build configuration list for PBXNativeTarget "LaLaAngles" */;
			buildPhases = (
				2F4DCB801EC9244A00C1C971 /* Sources */,
				2F4DCB811EC9244A00C1C971 /* Frameworks */,
				2F4DCB821EC9244A00C1C971 /* Resources */,
			);
			buildRules = (
			);
			dependencies = (
			);
			name = LaLaAngles;
			productName = LaLaAngles;
			productReference = 2F4DCB841EC9244A00C1C971 /* LaLaAngles.app */;
			productType = "com.apple.product-type.application";
		};
/* End PBXNativeTarget section */

/* Begin PBXProject section */
		2F4DCB7C1EC9244A00C1C971 /* Project object */ = {
			isa = PBXProject;
			attributes = {
				LastSwiftUpdateCheck = 0830;
				LastUpgradeCheck = 0830;
				ORGANIZATIONNAME = Abe;
				TargetAttributes = {
					2F4DCB831EC9244A00C1C971 = {
						CreatedOnToolsVersion = 8.3.2;
						DevelopmentTeam = 4933E3KWEQ;
						ProvisioningStyle = Automatic;
					};
				};
			};
			buildConfigurationList = 2F4DCB7F1EC9244A00C1C971 /* Build configuration list for PBXProject "LaLaAngles" */;
			compatibilityVersion = "Xcode 3.2";
			developmentRegion = English;
			hasScannedForEncodings = 0;
			knownRegions = (
				en,
				Base,
			);
			mainGroup = 2F4DCB7B1EC9244A00C1C971;
			productRefGroup = 2F4DCB851EC9244A00C1C971 /* Products */;
			projectDirPath = "";
			projectRoot = "";
			targets = (
				2F4DCB831EC9244A00C1C971 /* LaLaAngles */,
			);
		};
/* End PBXProject section */

/* Begin PBXResourcesBuildPhase section */
		2F4DCB821EC9244A00C1C971 /* Resources */ = {
			isa = PBXResourcesBuildPhase;
			buildActionMask = 2147483647;
			files = (
				2F4DCB951EC9244A00C1C971 /* LaunchScreen.storyboard in Resources */,
				2F4DCB921EC9244A00C1C971 /* Assets.xcassets in Resources */,
				2F4DCB8D1EC9244A00C1C971 /* Main.storyboard in Resources */,
			);
			runOnlyForDeploymentPostprocessing = 0;
		};
/* End PBXResourcesBuildPhase section */

/* Begin PBXSourcesBuildPhase section */
		2F4DCB801EC9244A00C1C971 /* Sources */ = {
			isa = PBXSourcesBuildPhase;
			buildActionMask = 2147483647;
			files = (
				2F4DCB8A1EC9244A00C1C971 /* ViewController.swift in Sources */,
				2F4DCB881EC9244A00C1C971 /* AppDelegate.swift in Sources */,
				2F4DCB901EC9244A00C1C971 /* LaLaAngles.xcdatamodeld in Sources */,
			);
			runOnlyForDeploymentPostprocessing = 0;
		};
/* End PBXSourcesBuildPhase section */

/* Begin PBXVariantGroup section */
		2F4DCB8B1EC9244A00C1C971 /* Main.storyboard */ = {
			isa = PBXVariantGroup;
			children = (
				2F4DCB8C1EC9244A00C1C971 /* Base */,
			);
			name = Main.storyboard;
			sourceTree = "<group>";
		};
		2F4DCB931EC9244A00C1C971 /* LaunchScreen.storyboard */ = {
			isa = PBXVariantGroup;
			children = (
				2F4DCB941EC9244A00C1C971 /* Base */,
			);
			name = LaunchScreen.storyboard;
			sourceTree = "<group>";
		};
/* End PBXVariantGroup section */

/* Begin XCBuildConfiguration section */
		2F4DCB971EC9244A00C1C971 /* Debug */ = {
			isa = XCBuildConfiguration;
			buildSettings = {
				ALWAYS_SEARCH_USER_PATHS = NO;
				CLANG_ANALYZER_NONNULL = YES;
				CLANG_ANALYZER_NUMBER_OBJECT_CONVERSION = YES_AGGRESSIVE;
				CLANG_CXX_LANGUAGE_STANDARD = "gnu++0x";
				CLANG_CXX_LIBRARY = "libc++";
				CLANG_ENABLE_MODULES = YES;
				CLANG_ENABLE_OBJC_ARC = YES;
				CLANG_WARN_BOOL_CONVERSION = YES;
				CLANG_WARN_CONSTANT_CONVERSION = YES;
				CLANG_WARN_DIRECT_OBJC_ISA_USAGE = YES_ERROR;
				CLANG_WARN_DOCUMENTATION_COMMENTS = YES;
				CLANG_WARN_EMPTY_BODY = YES;
				CLANG_WARN_ENUM_CONVERSION = YES;
				CLANG_WARN_INFINITE_RECURSION = YES;
				CLANG_WARN_INT_CONVERSION = YES;
				CLANG_WARN_OBJC_ROOT_CLASS = YES_ERROR;
				CLANG_WARN_SUSPICIOUS_MOVE = YES;
				CLANG_WARN_UNREACHABLE_CODE = YES;
				CLANG_WARN__DUPLICATE_METHOD_MATCH = YES;
				"CODE_SIGN_IDENTITY[sdk=iphoneos*]" = "iPhone Developer";
				COPY_PHASE_STRIP = NO;
				DEBUG_INFORMATION_FORMAT = dwarf;
				ENABLE_STRICT_OBJC_MSGSEND = YES;
				ENABLE_TESTABILITY = YES;
				GCC_C_LANGUAGE_STANDARD = gnu99;
				GCC_DYNAMIC_NO_PIC = NO;
				GCC_NO_COMMON_BLOCKS = YES;
				GCC_OPTIMIZATION_LEVEL = 0;
				GCC_PREPROCESSOR_DEFINITIONS = (
					"DEBUG=1",
					"$(inherited)",
				);
				GCC_WARN_64_TO_32_BIT_CONVERSION = YES;
				GCC_WARN_ABOUT_RETURN_TYPE = YES_ERROR;
				GCC_WARN_UNDECLARED_SELECTOR = YES;
				GCC_WARN_UNINITIALIZED_AUTOS = YES_AGGRESSIVE;
				GCC_WARN_UNUSED_FUNCTION = YES;
				GCC_WARN_UNUSED_VARIABLE = YES;
				IPHONEOS_DEPLOYMENT_TARGET = 10.3;
				MTL_ENABLE_DEBUG_INFO = YES;
				ONLY_ACTIVE_ARCH = YES;
				SDKROOT = iphoneos;
				SWIFT_ACTIVE_COMPILATION_CONDITIONS = DEBUG;
				SWIFT_OPTIMIZATION_LEVEL = "-Onone";
				TARGETED_DEVICE_FAMILY = "1,2";
			};
			name = Debug;
		};
		2F4DCB981EC9244A00C1C971 /* Release */ = {
			isa = XCBuildConfiguration;
			buildSettings = {
				ALWAYS_SEARCH_USER_PATHS = NO;
				CLANG_ANALYZER_NONNULL = YES;
				CLANG_ANALYZER_NUMBER_OBJECT_CONVERSION = YES_AGGRESSIVE;
				CLANG_CXX_LANGUAGE_STANDARD = "gnu++0x";
				CLANG_CXX_LIBRARY = "libc++";
				CLANG_ENABLE_MODULES = YES;
				CLANG_ENABLE_OBJC_ARC = YES;
				CLANG_WARN_BOOL_CONVERSION = YES;
				CLANG_WARN_CONSTANT_CONVERSION = YES;
				CLANG_WARN_DIRECT_OBJC_ISA_USAGE = YES_ERROR;
				CLANG_WARN_DOCUMENTATION_COMMENTS = YES;
				CLANG_WARN_EMPTY_BODY = YES;
				CLANG_WARN_ENUM_CONVERSION = YES;
				CLANG_WARN_INFINITE_RECURSION = YES;
				CLANG_WARN_INT_CONVERSION = YES;
				CLANG_WARN_OBJC_ROOT_CLASS = YES_ERROR;
				CLANG_WARN_SUSPICIOUS_MOVE = YES;
				CLANG_WARN_UNREACHABLE_CODE = YES;
				CLANG_WARN__DUPLICATE_METHOD_MATCH = YES;
				"CODE_SIGN_IDENTITY[sdk=iphoneos*]" = "iPhone Developer";
				COPY_PHASE_STRIP = NO;
				DEBUG_INFORMATION_FORMAT = "dwarf-with-dsym";
				ENABLE_NS_ASSERTIONS = NO;
				ENABLE_STRICT_OBJC_MSGSEND = YES;
				GCC_C_LANGUAGE_STANDARD = gnu99;
				GCC_NO_COMMON_BLOCKS = YES;
				GCC_WARN_64_TO_32_BIT_CONVERSION = YES;
				GCC_WARN_ABOUT_RETURN_TYPE = YES_ERROR;
				GCC_WARN_UNDECLARED_SELECTOR = YES;
				GCC_WARN_UNINITIALIZED_AUTOS = YES_AGGRESSIVE;
				GCC_WARN_UNUSED_FUNCTION = YES;
				GCC_WARN_UNUSED_VARIABLE = YES;
				IPHONEOS_DEPLOYMENT_TARGET = 10.3;
				MTL_ENABLE_DEBUG_INFO = NO;
				SDKROOT = iphoneos;
				SWIFT_OPTIMIZATION_LEVEL = "-Owholemodule";
				TARGETED_DEVICE_FAMILY = "1,2";
				VALIDATE_PRODUCT = YES;
			};
			name = Release;
		};
		2F4DCB9A1EC9244A00C1C971 /* Debug */ = {
			isa = XCBuildConfiguration;
			buildSettings = {
				ASSETCATALOG_COMPILER_APPICON_NAME = AppIcon;
				DEVELOPMENT_TEAM = 4933E3KWEQ;
				INFOPLIST_FILE = LaLaAngles/Info.plist;
				LD_RUNPATH_SEARCH_PATHS = "$(inherited) @executable_path/Frameworks";
				PRODUCT_BUNDLE_IDENTIFIER = com.thenerdywiz.www.LaLaAngles;
				PRODUCT_NAME = "$(TARGET_NAME)";
				SWIFT_VERSION = 3.0;
			};
			name = Debug;
		};
		2F4DCB9B1EC9244A00C1C971 /* Release */ = {
			isa = XCBuildConfiguration;
			buildSettings = {
				ASSETCATALOG_COMPILER_APPICON_NAME = AppIcon;
				DEVELOPMENT_TEAM = 4933E3KWEQ;
				INFOPLIST_FILE = LaLaAngles/Info.plist;
				LD_RUNPATH_SEARCH_PATHS = "$(inherited) @executable_path/Frameworks";
				PRODUCT_BUNDLE_IDENTIFIER = com.thenerdywiz.www.LaLaAngles;
				PRODUCT_NAME = "$(TARGET_NAME)";
				SWIFT_VERSION = 3.0;
			};
			name = Release;
		};
/* End XCBuildConfiguration section */

/* Begin XCConfigurationList section */
		2F4DCB7F1EC9244A00C1C971 /* Build configuration list for PBXProject "LaLaAngles" */ = {
			isa = XCConfigurationList;
			buildConfigurations = (
				2F4DCB971EC9244A00C1C971 /* Debug */,
				2F4DCB981EC9244A00C1C971 /* Release */,
			);
			defaultConfigurationIsVisible = 0;
			defaultConfigurationName = Release;
		};
		2F4DCB991EC9244A00C1C971 /* Build configuration list for PBXNativeTarget "LaLaAngles" */ = {
			isa = XCConfigurationList;
			buildConfigurations = (
				2F4DCB9A1EC9244A00C1C971 /* Debug */,
				2F4DCB9B1EC9244A00C1C971 /* Release */,
			);
			defaultConfigurationIsVisible = 0;
		};
/* End XCConfigurationList section */

/* Begin XCVersionGroup section */
		2F4DCB8E1EC9244A00C1C971 /* LaLaAngles.xcdatamodeld */ = {
			isa = XCVersionGroup;
			children = (
				2F4DCB8F1EC9244A00C1C971 /* LaLaAngles.xcdatamodel */,
			);
			currentVersion = 2F4DCB8F1EC9244A00C1C971 /* LaLaAngles.xcdatamodel */;
			path = LaLaAngles.xcdatamodeld;
			sourceTree = "<group>";
			versionGroupType = wrapper.xcdatamodel;
		};
/* End XCVersionGroup section */
	};
	rootObject = 2F4DCB7C1EC9244A00C1C971 /* Project object */;
}
